
Microsoft Visual Studio Solution File, Format Version 12.00
# Visual Studio 15
Project("{FAE04EC0-301F-11D3-BF4B-00C04F79EFBC}") = "Assembly-CSharp", "Assembly-CSharp.csproj", "{BDAF339F-F55E-229A-CC1E-E716D4B8CF68}"
EndProject
Project("{FAE04EC0-301F-11D3-BF4B-00C04F79EFBC}") = "PhotonUnityNetworking.Demos", "PhotonUnityNetworking.Demos.csproj", "{E757301F-7B84-5ECD-B4A0-9086226D4A2B}"
EndProject
Project("{FAE04EC0-301F-11D3-BF4B-00C04F79EFBC}") = "PhotonRealtime", "PhotonRealtime.csproj", "{0EC71F79-99E4-519C-2935-7830D7FE270A}"
EndProject
Project("{FAE04EC0-301F-11D3-BF4B-00C04F79EFBC}") = "PhotonUnityNetworking", "PhotonUnityNetworking.csproj", "{AC69214A-EC3E-25EB-14D5-D828284A84EA}"
EndProject
Project("{FAE04EC0-301F-11D3-BF4B-00C04F79EFBC}") = "PhotonUnityNetworking.Utilities", "PhotonUnityNetworking.Utilities.csproj", "{CB767E00-53BE-AC0D-3C0C-8DE3A8130795}"
EndProject
Project("{FAE04EC0-301F-11D3-BF4B-00C04F79EFBC}") = "PhotonChat", "PhotonChat.csproj", "{E6C2BF23-1905-500C-0EBB-596208FAB2A4}"
EndProject
Project("{FAE04EC0-301F-11D3-BF4B-00C04F79EFBC}") = "PhotonUnityNetworking.Editor", "PhotonUnityNetworking.Editor.csproj", "{EFF560DA-A49E-EDD6-52C7-F5B9BF67A122}"
EndProject
Project("{FAE04EC0-301F-11D3-BF4B-00C04F79EFBC}") = "PhotonUnityNetworking.Utilities.PhotonPlayer.Editor", "PhotonUnityNetworking.Utilities.PhotonPlayer.Editor.csproj", "{A099A250-6CC4-B2FD-1808-9C3EC5840A31}"
EndProject
Project("{FAE04EC0-301F-11D3-BF4B-00C04F79EFBC}") = "PunDemos.DemoSlotcarEditor", "PunDemos.DemoSlotcarEditor.csproj", "{EE0093D3-CEC3-37EC-6BBA-25FDB5C4416E}"
EndProject
Project("{FAE04EC0-301F-11D3-BF4B-00C04F79EFBC}") = "PhotonUnityNetworking.Utilities.Culling.Editor", "PhotonUnityNetworking.Utilities.Culling.Editor.csproj", "{DB82BF44-EFF2-234E-086F-7FE6E5D2114C}"
EndProject
Project("{FAE04EC0-301F-11D3-BF4B-00C04F79EFBC}") = "PunDemos.DemoHubEditor", "PunDemos.DemoHubEditor.csproj", "{3E1C9458-67E7-9AD4-7BA6-4D4BAA689502}"
EndProject
Project("{FAE04EC0-301F-11D3-BF4B-00C04F79EFBC}") = "Assembly-CSharp-Editor", "Assembly-CSharp-Editor.csproj", "{F6ED7A42-565A-95CE-5992-675DCADA099A}"
EndProject
Global
	GlobalSection(SolutionConfigurationPlatforms) = preSolution
		Debug|Any CPU = Debug|Any CPU
		Release|Any CPU = Release|Any CPU
	EndGlobalSection
	GlobalSection(ProjectConfigurationPlatforms) = postSolution
		{BDAF339F-F55E-229A-CC1E-E716D4B8CF68}.Debug|Any CPU.ActiveCfg = Debug|Any CPU
		{BDAF339F-F55E-229A-CC1E-E716D4B8CF68}.Debug|Any CPU.Build.0 = Debug|Any CPU
		{BDAF339F-F55E-229A-CC1E-E716D4B8CF68}.Release|Any CPU.ActiveCfg = Release|Any CPU
		{BDAF339F-F55E-229A-CC1E-E716D4B8CF68}.Release|Any CPU.Build.0 = Release|Any CPU
		{E757301F-7B84-5ECD-B4A0-9086226D4A2B}.Debug|Any CPU.ActiveCfg = Debug|Any CPU
		{E757301F-7B84-5ECD-B4A0-9086226D4A2B}.Debug|Any CPU.Build.0 = Debug|Any CPU
		{E757301F-7B84-5ECD-B4A0-9086226D4A2B}.Release|Any CPU.ActiveCfg = Release|Any CPU
		{E757301F-7B84-5ECD-B4A0-9086226D4A2B}.Release|Any CPU.Build.0 = Release|Any CPU
		{0EC71F79-99E4-519C-2935-7830D7FE270A}.Debug|Any CPU.ActiveCfg = Debug|Any CPU
		{0EC71F79-99E4-519C-2935-7830D7FE270A}.Debug|Any CPU.Build.0 = Debug|Any CPU
		{0EC71F79-99E4-519C-2935-7830D7FE270A}.Release|Any CPU.ActiveCfg = Release|Any CPU
		{0EC71F79-99E4-519C-2935-7830D7FE270A}.Release|Any CPU.Build.0 = Release|Any CPU
		{AC69214A-EC3E-25EB-14D5-D828284A84EA}.Debug|Any CPU.ActiveCfg = Debug|Any CPU
		{AC69214A-EC3E-25EB-14D5-D828284A84EA}.Debug|Any CPU.Build.0 = Debug|Any CPU
		{AC69214A-EC3E-25EB-14D5-D828284A84EA}.Release|Any CPU.ActiveCfg = Release|Any CPU
		{AC69214A-EC3E-25EB-14D5-D828284A84EA}.Release|Any CPU.Build.0 = Release|Any CPU
		{CB767E00-53BE-AC0D-3C0C-8DE3A8130795}.Debug|Any CPU.ActiveCfg = Debug|Any CPU
		{CB767E00-53BE-AC0D-3C0C-8DE3A8130795}.Debug|Any CPU.Build.0 = Debug|Any CPU
		{CB767E00-53BE-AC0D-3C0C-8DE3A8130795}.Release|Any CPU.ActiveCfg = Release|Any CPU
		{CB767E00-53BE-AC0D-3C0C-8DE3A8130795}.Release|Any CPU.Build.0 = Release|Any CPU
		{E6C2BF23-1905-500C-0EBB-596208FAB2A4}.Debug|Any CPU.ActiveCfg = Debug|Any CPU
		{E6C2BF23-1905-500C-0EBB-596208FAB2A4}.Debug|Any CPU.Build.0 = Debug|Any CPU
		{E6C2BF23-1905-500C-0EBB-596208FAB2A4}.Release|Any CPU.ActiveCfg = Release|Any CPU
		{E6C2BF23-1905-500C-0EBB-596208FAB2A4}.Release|Any CPU.Build.0 = Release|Any CPU
		{EFF560DA-A49E-EDD6-52C7-F5B9BF67A122}.Debug|Any CPU.ActiveCfg = Debug|Any CPU
		{EFF560DA-A49E-EDD6-52C7-F5B9BF67A122}.Debug|Any CPU.Build.0 = Debug|Any CPU
		{EFF560DA-A49E-EDD6-52C7-F5B9BF67A122}.Release|Any CPU.ActiveCfg = Release|Any CPU
		{EFF560DA-A49E-EDD6-52C7-F5B9BF67A122}.Release|Any CPU.Build.0 = Release|Any CPU
		{A099A250-6CC4-B2FD-1808-9C3EC5840A31}.Debug|Any CPU.ActiveCfg = Debug|Any CPU
		{A099A250-6CC4-B2FD-1808-9C3EC5840A31}.Debug|Any CPU.Build.0 = Debug|Any CPU
		{A099A250-6CC4-B2FD-1808-9C3EC5840A31}.Release|Any CPU.ActiveCfg = Release|Any CPU
		{A099A250-6CC4-B2FD-1808-9C3EC5840A31}.Release|Any CPU.Build.0 = Release|Any CPU
		{EE0093D3-CEC3-37EC-6BBA-25FDB5C4416E}.Debug|Any CPU.ActiveCfg = Debug|Any CPU
		{EE0093D3-CEC3-37EC-6BBA-25FDB5C4416E}.Debug|Any CPU.Build.0 = Debug|Any CPU
		{EE0093D3-CEC3-37EC-6BBA-25FDB5C4416E}.Release|Any CPU.ActiveCfg = Release|Any CPU
		{EE0093D3-CEC3-37EC-6BBA-25FDB5C4416E}.Release|Any CPU.Build.0 = Release|Any CPU
		{DB82BF44-EFF2-234E-086F-7FE6E5D2114C}.Debug|Any CPU.ActiveCfg = Debug|Any CPU
		{DB82BF44-EFF2-234E-086F-7FE6E5D2114C}.Debug|Any CPU.Build.0 = Debug|Any CPU
		{DB82BF44-EFF2-234E-086F-7FE6E5D2114C}.Release|Any CPU.ActiveCfg = Release|Any CPU
		{DB82BF44-EFF2-234E-086F-7FE6E5D2114C}.Release|Any CPU.Build.0 = Release|Any CPU
		{3E1C9458-67E7-9AD4-7BA6-4D4BAA689502}.Debug|Any CPU.ActiveCfg = Debug|Any CPU
		{3E1C9458-67E7-9AD4-7BA6-4D4BAA689502}.Debug|Any CPU.Build.0 = Debug|Any CPU
		{3E1C9458-67E7-9AD4-7BA6-4D4BAA689502}.Release|Any CPU.ActiveCfg = Release|Any CPU
		{3E1C9458-67E7-9AD4-7BA6-4D4BAA689502}.Release|Any CPU.Build.0 = Release|Any CPU
		{F6ED7A42-565A-95CE-5992-675DCADA099A}.Debug|Any CPU.ActiveCfg = Debug|Any CPU
		{F6ED7A42-565A-95CE-5992-675DCADA099A}.Debug|Any CPU.Build.0 = Debug|Any CPU
		{F6ED7A42-565A-95CE-5992-675DCADA099A}.Release|Any CPU.ActiveCfg = Release|Any CPU
		{F6ED7A42-565A-95CE-5992-675DCADA099A}.Release|Any CPU.Build.0 = Release|Any CPU
	EndGlobalSection
	GlobalSection(SolutionProperties) = preSolution
		HideSolutionNode = FALSE
	EndGlobalSection
EndGlobal
